
Microsoft Visual Studio Solution File, Format Version 12.00
# Visual Studio 15
VisualStudioVersion = 15.0.28307.852
MinimumVisualStudioVersion = 10.0.40219.1
Project("{FAE04EC0-301F-11D3-BF4B-00C04F79EFBC}") = "Registro", "Registro\Registro.csproj", "{F05A0631-1430-4236-B3F8-66DAC3CC143F}"
EndProject
Global
	GlobalSection(SolutionConfigurationPlatforms) = preSolution
		Debug|Any CPU = Debug|Any CPU
		Release|Any CPU = Release|Any CPU
	EndGlobalSection
	GlobalSection(ProjectConfigurationPlatforms) = postSolution
		{F05A0631-1430-4236-B3F8-66DAC3CC143F}.Debug|Any CPU.ActiveCfg = Debug|Any CPU
		{F05A0631-1430-4236-B3F8-66DAC3CC143F}.Debug|Any CPU.Build.0 = Debug|Any CPU
		{F05A0631-1430-4236-B3F8-66DAC3CC143F}.Release|Any CPU.ActiveCfg = Release|Any CPU
		{F05A0631-1430-4236-B3F8-66DAC3CC143F}.Release|Any CPU.Build.0 = Release|Any CPU
	EndGlobalSection
	GlobalSection(SolutionProperties) = preSolution
		HideSolutionNode = FALSE
	EndGlobalSection
	GlobalSection(ExtensibilityGlobals) = postSolution
		SolutionGuid = {08AF6AAD-2E60-4104-9967-DB7989E51D3B}
	EndGlobalSection
EndGlobal
